
Microsoft Visual Studio Solution File, Format Version 12.00
# Visual Studio Version 16
VisualStudioVersion = 16.0.31624.102
MinimumVisualStudioVersion = 10.0.40219.1
Project("{FAE04EC0-301F-11D3-BF4B-00C04F79EFBC}") = "Entidades", "Entidades\Entidades.csproj", "{2CBC2D26-F1DE-48B0-953C-8B6FA3CDCCA8}"
EndProject
Project("{FAE04EC0-301F-11D3-BF4B-00C04F79EFBC}") = "Consolita", "Consolita\Consolita.csproj", "{36B75AF7-A023-4A76-845D-8D8ECFCE7DD1}"
EndProject
Global
	GlobalSection(SolutionConfigurationPlatforms) = preSolution
		Debug|Any CPU = Debug|Any CPU
		Release|Any CPU = Release|Any CPU
	EndGlobalSection
	GlobalSection(ProjectConfigurationPlatforms) = postSolution
		{2CBC2D26-F1DE-48B0-953C-8B6FA3CDCCA8}.Debug|Any CPU.ActiveCfg = Debug|Any CPU
		{2CBC2D26-F1DE-48B0-953C-8B6FA3CDCCA8}.Debug|Any CPU.Build.0 = Debug|Any CPU
		{2CBC2D26-F1DE-48B0-953C-8B6FA3CDCCA8}.Release|Any CPU.ActiveCfg = Release|Any CPU
		{2CBC2D26-F1DE-48B0-953C-8B6FA3CDCCA8}.Release|Any CPU.Build.0 = Release|Any CPU
		{36B75AF7-A023-4A76-845D-8D8ECFCE7DD1}.Debug|Any CPU.ActiveCfg = Debug|Any CPU
		{36B75AF7-A023-4A76-845D-8D8ECFCE7DD1}.Debug|Any CPU.Build.0 = Debug|Any CPU
		{36B75AF7-A023-4A76-845D-8D8ECFCE7DD1}.Release|Any CPU.ActiveCfg = Release|Any CPU
		{36B75AF7-A023-4A76-845D-8D8ECFCE7DD1}.Release|Any CPU.Build.0 = Release|Any CPU
	EndGlobalSection
	GlobalSection(SolutionProperties) = preSolution
		HideSolutionNode = FALSE
	EndGlobalSection
	GlobalSection(ExtensibilityGlobals) = postSolution
		SolutionGuid = {A0685663-3D40-454C-A24A-305D6B5503D2}
	EndGlobalSection
EndGlobal
