
Microsoft Visual Studio Solution File, Format Version 12.00
# Visual Studio Version 16
VisualStudioVersion = 16.0.31624.102
MinimumVisualStudioVersion = 10.0.40219.1
Project("{FAE04EC0-301F-11D3-BF4B-00C04F79EFBC}") = "Enrtidades", "Enrtidades\Enrtidades.csproj", "{179F8B3C-ED97-4CF3-98CF-1BFD033A1F40}"
EndProject
Project("{FAE04EC0-301F-11D3-BF4B-00C04F79EFBC}") = "Consolita", "Consolita\Consolita.csproj", "{1EC793FF-3D74-4F58-9D03-8F4C6F6D756A}"
EndProject
Global
	GlobalSection(SolutionConfigurationPlatforms) = preSolution
		Debug|Any CPU = Debug|Any CPU
		Release|Any CPU = Release|Any CPU
	EndGlobalSection
	GlobalSection(ProjectConfigurationPlatforms) = postSolution
		{179F8B3C-ED97-4CF3-98CF-1BFD033A1F40}.Debug|Any CPU.ActiveCfg = Debug|Any CPU
		{179F8B3C-ED97-4CF3-98CF-1BFD033A1F40}.Debug|Any CPU.Build.0 = Debug|Any CPU
		{179F8B3C-ED97-4CF3-98CF-1BFD033A1F40}.Release|Any CPU.ActiveCfg = Release|Any CPU
		{179F8B3C-ED97-4CF3-98CF-1BFD033A1F40}.Release|Any CPU.Build.0 = Release|Any CPU
		{1EC793FF-3D74-4F58-9D03-8F4C6F6D756A}.Debug|Any CPU.ActiveCfg = Debug|Any CPU
		{1EC793FF-3D74-4F58-9D03-8F4C6F6D756A}.Debug|Any CPU.Build.0 = Debug|Any CPU
		{1EC793FF-3D74-4F58-9D03-8F4C6F6D756A}.Release|Any CPU.ActiveCfg = Release|Any CPU
		{1EC793FF-3D74-4F58-9D03-8F4C6F6D756A}.Release|Any CPU.Build.0 = Release|Any CPU
	EndGlobalSection
	GlobalSection(SolutionProperties) = preSolution
		HideSolutionNode = FALSE
	EndGlobalSection
	GlobalSection(ExtensibilityGlobals) = postSolution
		SolutionGuid = {DFA63190-2AE8-4213-93B3-C554977A0043}
	EndGlobalSection
EndGlobal
