
Microsoft Visual Studio Solution File, Format Version 12.00
# Visual Studio Version 16
VisualStudioVersion = 16.0.31624.102
MinimumVisualStudioVersion = 10.0.40219.1
Project("{FAE04EC0-301F-11D3-BF4B-00C04F79EFBC}") = "Entidades", "Entidades\Entidades.csproj", "{4B736088-EB0E-4003-8D39-0AC83348CCDF}"
EndProject
Project("{FAE04EC0-301F-11D3-BF4B-00C04F79EFBC}") = "Consolita", "Consolita\Consolita.csproj", "{B9A0C377-61D6-488D-9CA4-77861F72A2EB}"
EndProject
Global
	GlobalSection(SolutionConfigurationPlatforms) = preSolution
		Debug|Any CPU = Debug|Any CPU
		Release|Any CPU = Release|Any CPU
	EndGlobalSection
	GlobalSection(ProjectConfigurationPlatforms) = postSolution
		{4B736088-EB0E-4003-8D39-0AC83348CCDF}.Debug|Any CPU.ActiveCfg = Debug|Any CPU
		{4B736088-EB0E-4003-8D39-0AC83348CCDF}.Debug|Any CPU.Build.0 = Debug|Any CPU
		{4B736088-EB0E-4003-8D39-0AC83348CCDF}.Release|Any CPU.ActiveCfg = Release|Any CPU
		{4B736088-EB0E-4003-8D39-0AC83348CCDF}.Release|Any CPU.Build.0 = Release|Any CPU
		{B9A0C377-61D6-488D-9CA4-77861F72A2EB}.Debug|Any CPU.ActiveCfg = Debug|Any CPU
		{B9A0C377-61D6-488D-9CA4-77861F72A2EB}.Debug|Any CPU.Build.0 = Debug|Any CPU
		{B9A0C377-61D6-488D-9CA4-77861F72A2EB}.Release|Any CPU.ActiveCfg = Release|Any CPU
		{B9A0C377-61D6-488D-9CA4-77861F72A2EB}.Release|Any CPU.Build.0 = Release|Any CPU
	EndGlobalSection
	GlobalSection(SolutionProperties) = preSolution
		HideSolutionNode = FALSE
	EndGlobalSection
	GlobalSection(ExtensibilityGlobals) = postSolution
		SolutionGuid = {283EA36E-1059-40CF-A555-B79E96361759}
	EndGlobalSection
EndGlobal
